<?xml version="1.0" encoding="utf-8"?>
<Project ToolsVersion="4.0" xmlns="http://schemas.microsoft.com/developer/msbuild/2003">
  <ItemGroup>
    <Filter Include="JobsGamez">
      <UniqueIdentifier>{67DEE897-D348-9D0E-1C87-4EB488307B63}</UniqueIdentifier>
    </Filter>
  </ItemGroup>
  <ItemGroup>
    <ClInclude Include="src\JobsGamez.h" />
    <ClInclude Include="src\JobsGamez\Application.h">
      <Filter>JobsGamez</Filter>
    </ClInclude>
    <ClInclude Include="src\JobsGamez\Core.h">
      <Filter>JobsGamez</Filter>
    </ClInclude>
    <ClInclude Include="src\JobsGamez\EntryPoint.h">
      <Filter>JobsGamez</Filter>
    </ClInclude>
    <ClInclude Include="src\JobsGamez\Log.h">
      <Filter>JobsGamez</Filter>
    </ClInclude>
  </ItemGroup>
  <ItemGroup>
    <ClCompile Include="src\JobsGamez\Application.cpp">
      <Filter>JobsGamez</Filter>
    </ClCompile>
    <ClCompile Include="src\JobsGamez\Log.cpp">
      <Filter>JobsGamez</Filter>
    </ClCompile>
  </ItemGroup>
</Project>